
Microsoft Visual Studio Solution File, Format Version 11.00
# Visual Studio 2010
Project("{FAE04EC0-301F-11D3-BF4B-00C04F79EFBC}") = "SharpCache", "SharpCache\SharpCache.csproj", "{DC3496F6-8D24-4C46-AAA2-267C783E28EB}"
EndProject
Project("{FAE04EC0-301F-11D3-BF4B-00C04F79EFBC}") = "SharpCache.Example", "SharpCache.Example\SharpCache.Example.csproj", "{993FB00F-C925-428E-9EB3-679F3F98BF1B}"
EndProject
Global
	GlobalSection(SolutionConfigurationPlatforms) = preSolution
		Debug|Any CPU = Debug|Any CPU
		Debug|Mixed Platforms = Debug|Mixed Platforms
		Debug|x86 = Debug|x86
		Release|Any CPU = Release|Any CPU
		Release|Mixed Platforms = Release|Mixed Platforms
		Release|x86 = Release|x86
	EndGlobalSection
	GlobalSection(ProjectConfigurationPlatforms) = postSolution
		{DC3496F6-8D24-4C46-AAA2-267C783E28EB}.Debug|Any CPU.ActiveCfg = Debug|Any CPU
		{DC3496F6-8D24-4C46-AAA2-267C783E28EB}.Debug|Any CPU.Build.0 = Debug|Any CPU
		{DC3496F6-8D24-4C46-AAA2-267C783E28EB}.Debug|Mixed Platforms.ActiveCfg = Debug|Any CPU
		{DC3496F6-8D24-4C46-AAA2-267C783E28EB}.Debug|Mixed Platforms.Build.0 = Debug|Any CPU
		{DC3496F6-8D24-4C46-AAA2-267C783E28EB}.Debug|x86.ActiveCfg = Debug|Any CPU
		{DC3496F6-8D24-4C46-AAA2-267C783E28EB}.Release|Any CPU.ActiveCfg = Release|Any CPU
		{DC3496F6-8D24-4C46-AAA2-267C783E28EB}.Release|Any CPU.Build.0 = Release|Any CPU
		{DC3496F6-8D24-4C46-AAA2-267C783E28EB}.Release|Mixed Platforms.ActiveCfg = Release|Any CPU
		{DC3496F6-8D24-4C46-AAA2-267C783E28EB}.Release|Mixed Platforms.Build.0 = Release|Any CPU
		{DC3496F6-8D24-4C46-AAA2-267C783E28EB}.Release|x86.ActiveCfg = Release|Any CPU
		{993FB00F-C925-428E-9EB3-679F3F98BF1B}.Debug|Any CPU.ActiveCfg = Debug|x86
		{993FB00F-C925-428E-9EB3-679F3F98BF1B}.Debug|Mixed Platforms.ActiveCfg = Debug|x86
		{993FB00F-C925-428E-9EB3-679F3F98BF1B}.Debug|Mixed Platforms.Build.0 = Debug|x86
		{993FB00F-C925-428E-9EB3-679F3F98BF1B}.Debug|x86.ActiveCfg = Debug|x86
		{993FB00F-C925-428E-9EB3-679F3F98BF1B}.Debug|x86.Build.0 = Debug|x86
		{993FB00F-C925-428E-9EB3-679F3F98BF1B}.Release|Any CPU.ActiveCfg = Release|x86
		{993FB00F-C925-428E-9EB3-679F3F98BF1B}.Release|Mixed Platforms.ActiveCfg = Release|x86
		{993FB00F-C925-428E-9EB3-679F3F98BF1B}.Release|Mixed Platforms.Build.0 = Release|x86
		{993FB00F-C925-428E-9EB3-679F3F98BF1B}.Release|x86.ActiveCfg = Release|x86
		{993FB00F-C925-428E-9EB3-679F3F98BF1B}.Release|x86.Build.0 = Release|x86
	EndGlobalSection
	GlobalSection(SolutionProperties) = preSolution
		HideSolutionNode = FALSE
	EndGlobalSection
EndGlobal
